{
  "pins" : [
    {
      "identity" : "bugsnag-cocoa",
      "kind" : "remoteSourceControl",
      "location" : "https://github.com/bugsnag/bugsnag-cocoa",
      "state" : {
        "revision" : "d8b64989126d24ae4f39a50d3ceb749b3c446851",
        "version" : "6.30.2"
      }
    }
  ],
  "version" : 2
}
